// !$*UTF8*$!
{
	archiveVersion = 1;
	classes = {
	};
	objectVersion = 77;
	objects = {

/* Begin PBXBuildFile section */
		0B7C3C2E439D3B2EFE88B17D /* SettingsView.swift in Sources */ = {isa = PBXBuildFile; fileRef = 5DC04B74AB8E68E1E0241FBE /* SettingsView.swift */; };
		0BB798823EBEA25C4274BB81 /* garment-segmentation.json in Resources */ = {isa = PBXBuildFile; fileRef = EA76A6D38A5A5DA27D9473E5 /* garment-segmentation.json */; };
		0DB1EB29EDA0AADAAAAB5906 /* StylezamControlUITests.swift in Sources */ = {isa = PBXBuildFile; fileRef = 13CB7E4C165132539BE264F9 /* StylezamControlUITests.swift */; };
		0DDC7152E9F69B07F6BA1134 /* HomeView.swift in Sources */ = {isa = PBXBuildFile; fileRef = 4ECE1BC8999ED5C2F0CF329C /* HomeView.swift */; };
		0EFCC6EAC05F60F990A42BC1 /* Assets.xcassets in Resources */ = {isa = PBXBuildFile; fileRef = 0323FB49E9A47D9209839A59 /* Assets.xcassets */; };
		197425BF0FA96D593BC17093 /* AppModels.swift in Sources */ = {isa = PBXBuildFile; fileRef = 3508C5A578324E82F996A38B /* AppModels.swift */; };
		1D9CE91AAAB9A3B84CA961D3 /* StylezamCaptureActivityAttributes.swift in Sources */ = {isa = PBXBuildFile; fileRef = 10BF4A39D245BD15B9EE5E31 /* StylezamCaptureActivityAttributes.swift */; };
		216DECAA98AACC5DDC61F5E4 /* StylezamControlDestination.swift in Sources */ = {isa = PBXBuildFile; fileRef = C9D457582E4F89E76DAED199 /* StylezamControlDestination.swift */; };
		2BBBE1B499085A6574A93665 /* AccountViews.swift in Sources */ = {isa = PBXBuildFile; fileRef = 41E0AA9C044F0AAD484F07F8 /* AccountViews.swift */; };
		2D76956930B9C8E59FB2F0E9 /* FirebaseAnalyticsCore in Frameworks */ = {isa = PBXBuildFile; productRef = A54C5B6E9778693EEC5A9248 /* FirebaseAnalyticsCore */; };
		2EA02C4805935EB808DCD7FD /* GoogleSignIn in Frameworks */ = {isa = PBXBuildFile; productRef = 16CAA1D950DE5F43465B14C5 /* GoogleSignIn */; };
		2EA6B6CC49D45AC8BF38EE6A /* StylezamMotion.swift in Sources */ = {isa = PBXBuildFile; fileRef = 44C7E1E93D4550F6DA2528A4 /* StylezamMotion.swift */; };
		3031C041FFC99D16D2089A61 /* CameraSessionController.swift in Sources */ = {isa = PBXBuildFile; fileRef = 0D7CD24096454F2142A32276 /* CameraSessionController.swift */; };
		370DC13159B1D9A573AC57AC /* CameraPreview.swift in Sources */ = {isa = PBXBuildFile; fileRef = EECFE30F7FE6A8C3F0B17830 /* CameraPreview.swift */; };
		375DF52023B702EBA4328FE7 /* CaptureActivityManager.swift in Sources */ = {isa = PBXBuildFile; fileRef = 810938F0D56327572F4CCF7B /* CaptureActivityManager.swift */; };
		40751728C11BDC69C24F858F /* PrivacyInfo.xcprivacy in Resources */ = {isa = PBXBuildFile; fileRef = A9FC9B7947D2A6F8CB017169 /* PrivacyInfo.xcprivacy */; };
		40EF33336865700EB2439199 /* StylezamGarmentSegmentation.mlpackage in Resources */ = {isa = PBXBuildFile; fileRef = 7D750C5C73D66F384DEB282B /* StylezamGarmentSegmentation.mlpackage */; };
		457BA936B47C78C3D3C3C4AC /* LaunchExperienceView.swift in Sources */ = {isa = PBXBuildFile; fileRef = 48962ED198B3B07771116D6B /* LaunchExperienceView.swift */; };
		458409D05674C04C290D9648 /* StylezamWidgets.swift in Sources */ = {isa = PBXBuildFile; fileRef = CFBA8BBA158DB2AB23971AE2 /* StylezamWidgets.swift */; };
		45BEC38F3C8E4A0378DDC300 /* YouCamTryOnService.swift in Sources */ = {isa = PBXBuildFile; fileRef = 11D7B431AD3D7BEA40E09136 /* YouCamTryOnService.swift */; };
		465B51B6895097D13BAB4175 /* StylezamAppDelegate.swift in Sources */ = {isa = PBXBuildFile; fileRef = B6AF9E7F89731F6C31774463 /* StylezamAppDelegate.swift */; };
		4AC1CCCDE9F2DC74F3B7C63F /* FirebaseAuth in Frameworks */ = {isa = PBXBuildFile; productRef = 23EC7B3710F3524794102889 /* FirebaseAuth */; };
		4C4F5CD7D712F0FD6E61EA34 /* AccountSession.swift in Sources */ = {isa = PBXBuildFile; fileRef = EF3733E7C459231377964274 /* AccountSession.swift */; };
		4F99A5B4A3E3016D1733BD5E /* StylezamLiveScreenControl.swift in Sources */ = {isa = PBXBuildFile; fileRef = 7F029DC5536934700D19D628 /* StylezamLiveScreenControl.swift */; };
		5477192D67F401EFEB756C39 /* PrivacyInfo.xcprivacy in Resources */ = {isa = PBXBuildFile; fileRef = 1CC9BFBA4FFEDCB9103DAC2E /* PrivacyInfo.xcprivacy */; };
		5CAA0AD8A15FB701955FDA4B /* StylezamShare.appex in Embed Foundation Extensions */ = {isa = PBXBuildFile; fileRef = 0B6CC0BB7556FB16639E0BFE /* StylezamShare.appex */; settings = {ATTRIBUTES = (RemoveHeadersOnCopy, ); }; };
		612527C8D504AACECBB047A0 /* AppModel.swift in Sources */ = {isa = PBXBuildFile; fileRef = 186586B04572ED4CBAC07684 /* AppModel.swift */; };
		646BB8DB71EE6EC1139CC510 /* SearchModels.swift in Sources */ = {isa = PBXBuildFile; fileRef = D502690A307F9CB0DEBB3755 /* SearchModels.swift */; };
		66229E4EDBE2E9EB63046368 /* ImageViews.swift in Sources */ = {isa = PBXBuildFile; fileRef = B178AF989CC01F0D8FB8C6E1 /* ImageViews.swift */; };
		68A8B3891A1D11AFC46D5B58 /* StylezamCaptureLiveActivity.swift in Sources */ = {isa = PBXBuildFile; fileRef = 2A9777323301C657786D16DB /* StylezamCaptureLiveActivity.swift */; };
		6E487DF493CFE206E884087D /* StylezamCaptureActivityAttributes.swift in Sources */ = {isa = PBXBuildFile; fileRef = 10BF4A39D245BD15B9EE5E31 /* StylezamCaptureActivityAttributes.swift */; };
		755B5F562D260411BAD1C773 /* AppGroup.swift in Sources */ = {isa = PBXBuildFile; fileRef = 817BAAA57D938EFD107A98EA /* AppGroup.swift */; };
		7F28690E56B4A0EEC46F968A /* TryOnView.swift in Sources */ = {isa = PBXBuildFile; fileRef = AC437D83EB2BBDBA0F39E1FB /* TryOnView.swift */; };
		81260976E8048F5712C3D946 /* StylezamDesign.swift in Sources */ = {isa = PBXBuildFile; fileRef = 32FFF5ED05C00039B172D585 /* StylezamDesign.swift */; };
		821CDE01A3D4760F0A03B973 /* StylezamControlDestination.swift in Sources */ = {isa = PBXBuildFile; fileRef = C9D457582E4F89E76DAED199 /* StylezamControlDestination.swift */; };
		83EB3C5DC0A3967C316620C7 /* SearchUsageStore.swift in Sources */ = {isa = PBXBuildFile; fileRef = BDA430F4B7EAA4B66F24C408 /* SearchUsageStore.swift */; };
		8A92DC227FA912701BACD6A9 /* LiveScreenCaptureManager.swift in Sources */ = {isa = PBXBuildFile; fileRef = 5A7BE8538547EE77463CF3D4 /* LiveScreenCaptureManager.swift */; };
		8B2BA3C4A145508C13914968 /* GarmentVisionEngine.swift in Sources */ = {isa = PBXBuildFile; fileRef = 11FC9C93631D2D0D161922AA /* GarmentVisionEngine.swift */; };
		8C30A42D80D392E9389CA986 /* LibraryStore.swift in Sources */ = {isa = PBXBuildFile; fileRef = 4F790B57A92BDB9737A707E7 /* LibraryStore.swift */; };
		925BF1631C02981C235F1F76 /* FirebaseCore in Frameworks */ = {isa = PBXBuildFile; productRef = 46DF6990FEB82C1A74BEC515 /* FirebaseCore */; };
		9805CE7058ECC70DF2B197AC /* CredentialStore.swift in Sources */ = {isa = PBXBuildFile; fileRef = 8776C97BF5AD46E746581301 /* CredentialStore.swift */; };
		9B29BB1940201C7BD51C99A2 /* ShareViewController.swift in Sources */ = {isa = PBXBuildFile; fileRef = 2DB157A542FD9AA7AC74BF73 /* ShareViewController.swift */; };
		9ECB0AE5CB9A8B8441B60C85 /* GarmentDuplicateGuard.swift in Sources */ = {isa = PBXBuildFile; fileRef = 2960A5F79FC3888E504FD39A /* GarmentDuplicateGuard.swift */; };
		A3D616A149CC5838F5E8708D /* ModelPackManager.swift in Sources */ = {isa = PBXBuildFile; fileRef = 835689C7AE4EF20860FAA2FF /* ModelPackManager.swift */; };
		A5352F1DD870CE7709C40963 /* StylezamWidgets.appex in Embed Foundation Extensions */ = {isa = PBXBuildFile; fileRef = 431C9709D4584CDF8CB1401D /* StylezamWidgets.appex */; settings = {ATTRIBUTES = (RemoveHeadersOnCopy, ); }; };
		A5D92B0ED2EB1517B4B6EDD1 /* CameraPicker.swift in Sources */ = {isa = PBXBuildFile; fileRef = 496D7ACAEBCBD463AFC56C7A /* CameraPicker.swift */; };
		AA7F0C31451C4B802854BFC2 /* PrivacyInfo.xcprivacy in Resources */ = {isa = PBXBuildFile; fileRef = 2D218B380E2F95B01735CA1B /* PrivacyInfo.xcprivacy */; };
		B2E843A9A85E21403CA081F1 /* AccountModels.swift in Sources */ = {isa = PBXBuildFile; fileRef = D86DEC967CA5715C957D401E /* AccountModels.swift */; };
		B9B5CBAF9671DF404412C6D1 /* ScreenCaptureAvailability.swift in Sources */ = {isa = PBXBuildFile; fileRef = 7585FB455DC227A7685179BA /* ScreenCaptureAvailability.swift */; };
		BFF866CDE74727A3FDD57E3A /* SearchStylezamImageIntent.swift in Sources */ = {isa = PBXBuildFile; fileRef = 84EE8789C94B80E03AC250BA /* SearchStylezamImageIntent.swift */; };
		C231B38854630C54DF79E113 /* SearchView.swift in Sources */ = {isa = PBXBuildFile; fileRef = 5D6149F74411CB2250C2927B /* SearchView.swift */; };
		C256FE0FF794855A62D13D64 /* StylezamCaptureControl.swift in Sources */ = {isa = PBXBuildFile; fileRef = B2B49B1DEAC1043DED6138C1 /* StylezamCaptureControl.swift */; };
		C2B59CBD104AE719647B40DD /* RootView.swift in Sources */ = {isa = PBXBuildFile; fileRef = C19D1132056E5B01A68DADF9 /* RootView.swift */; };
		C366E4AF7E9683D6DFA38F8F /* StylezamApp.swift in Sources */ = {isa = PBXBuildFile; fileRef = 9237AF408EAE9B4EBE87F8E9 /* StylezamApp.swift */; };
		CA6ACDE361167FDC95D0A057 /* ProductDetailView.swift in Sources */ = {isa = PBXBuildFile; fileRef = 7A69C4A0B84CE46718C4EC7C /* ProductDetailView.swift */; };
		CFCB3240B946F18BA5BF2AE0 /* ProductSearchService.swift in Sources */ = {isa = PBXBuildFile; fileRef = 3AEE3FA2E562C606ACEABDAB /* ProductSearchService.swift */; };
		D03988F7D15C1DC5E6DC76DA /* GoogleService-Info.plist in Resources */ = {isa = PBXBuildFile; fileRef = A08412D70F95EF0652C42C40 /* GoogleService-Info.plist */; };
		D8D2B25724BAD0AD071BE888 /* AppGroup.swift in Sources */ = {isa = PBXBuildFile; fileRef = 817BAAA57D938EFD107A98EA /* AppGroup.swift */; };
		E1CEFAA15C79553A29F31DCE /* FirstRunExperienceView.swift in Sources */ = {isa = PBXBuildFile; fileRef = 08EADD108A8B6C096FF911EF /* FirstRunExperienceView.swift */; };
		E38666AB4433101A34885641 /* VisionAndProductModels.swift in Sources */ = {isa = PBXBuildFile; fileRef = 90A3492CF917004962F6DACD /* VisionAndProductModels.swift */; };
		E9D790482C628FACBF73A2D4 /* StylezamShortcuts.swift in Sources */ = {isa = PBXBuildFile; fileRef = 104415E48030BF458B1EBA6C /* StylezamShortcuts.swift */; };
		EAF4BEF7975C4B347C0A4586 /* AppGroup.swift in Sources */ = {isa = PBXBuildFile; fileRef = 817BAAA57D938EFD107A98EA /* AppGroup.swift */; };
		F36D719E6BB5959E1BF4A536 /* SearchStylezamImageIntent.swift in Sources */ = {isa = PBXBuildFile; fileRef = 84EE8789C94B80E03AC250BA /* SearchStylezamImageIntent.swift */; };
		F422F7A2449F720684071D48 /* StylezamChatView.swift in Sources */ = {isa = PBXBuildFile; fileRef = 0C03E5A010AC21D3FC127413 /* StylezamChatView.swift */; };
		F51B05AD4E214493C1128C0A /* CaptureSheet.swift in Sources */ = {isa = PBXBuildFile; fileRef = 9A940D99785B136691E06C4A /* CaptureSheet.swift */; };
		F8BAB78D74054BC17861C934 /* VisionDebugView.swift in Sources */ = {isa = PBXBuildFile; fileRef = C70AC81BE3A88E7297739342 /* VisionDebugView.swift */; };
		FA1588788561A3B356F64509 /* SettingsStore.swift in Sources */ = {isa = PBXBuildFile; fileRef = C1E73A8F4B5024374B7E51D5 /* SettingsStore.swift */; };
		FE7073815E347BAA386910C0 /* NotificationService.swift in Sources */ = {isa = PBXBuildFile; fileRef = E7752E9B3E6F9C685A4E03D1 /* NotificationService.swift */; };
		FF0D195106C6753D5AA272C4 /* LibraryView.swift in Sources */ = {isa = PBXBuildFile; fileRef = 5CD56358BDF26FC853C97071 /* LibraryView.swift */; };
/* End PBXBuildFile section */

/* Begin PBXContainerItemProxy section */
		778BC21CDBAE608CC8F36609 /* PBXContainerItemProxy */ = {
			isa = PBXContainerItemProxy;
			containerPortal = A9BF53E7EBCE99DF94BAEE88 /* Project object */;
			proxyType = 1;
			remoteGlobalIDString = 5DD1D34A27B004B1B19ECA74;
			remoteInfo = StylezamWidgets;
		};
		F865E28A7FA77AACEE01390C /* PBXContainerItemProxy */ = {
			isa = PBXContainerItemProxy;
			containerPortal = A9BF53E7EBCE99DF94BAEE88 /* Project object */;
			proxyType = 1;
			remoteGlobalIDString = 063F2108A612FE4DC2FBBB6B;
			remoteInfo = Stylezam;
		};
		F884EDC14C8F28B7091ED417 /* PBXContainerItemProxy */ = {
			isa = PBXContainerItemProxy;
			containerPortal = A9BF53E7EBCE99DF94BAEE88 /* Project object */;
			proxyType = 1;
			remoteGlobalIDString = F42AB34E6474AA657C43A3A0;
			remoteInfo = StylezamShare;
		};
/* End PBXContainerItemProxy section */

/* Begin PBXCopyFilesBuildPhase section */
		47F91284358A1F61C93D0F7D /* Embed Foundation Extensions */ = {
			isa = PBXCopyFilesBuildPhase;
			buildActionMask = 2147483647;
			dstPath = "";
			dstSubfolderSpec = 13;
			files = (
				A5352F1DD870CE7709C40963 /* StylezamWidgets.appex in Embed Foundation Extensions */,
				5CAA0AD8A15FB701955FDA4B /* StylezamShare.appex in Embed Foundation Extensions */,
			);
			name = "Embed Foundation Extensions";
			runOnlyForDeploymentPostprocessing = 0;
		};
/* End PBXCopyFilesBuildPhase section */

/* Begin PBXFileReference section */
		0323FB49E9A47D9209839A59 /* Assets.xcassets */ = {isa = PBXFileReference; lastKnownFileType = folder.assetcatalog; path = Assets.xcassets; sourceTree = "<group>"; };
		08EADD108A8B6C096FF911EF /* FirstRunExperienceView.swift */ = {isa = PBXFileReference; lastKnownFileType = sourcecode.swift; path = FirstRunExperienceView.swift; sourceTree = "<group>"; };
		0B6CC0BB7556FB16639E0BFE /* StylezamShare.appex */ = {isa = PBXFileReference; includeInIndex = 0; lastKnownFileType = "wrapper.app-extension"; path = StylezamShare.appex; sourceTree = BUILT_PRODUCTS_DIR; };
		0C03E5A010AC21D3FC127413 /* StylezamChatView.swift */ = {isa = PBXFileReference; lastKnownFileType = sourcecode.swift; path = StylezamChatView.swift; sourceTree = "<group>"; };
		0D7CD24096454F2142A32276 /* CameraSessionController.swift */ = {isa = PBXFileReference; lastKnownFileType = sourcecode.swift; path = CameraSessionController.swift; sourceTree = "<group>"; };
		104415E48030BF458B1EBA6C /* StylezamShortcuts.swift */ = {isa = PBXFileReference; lastKnownFileType = sourcecode.swift; path = StylezamShortcuts.swift; sourceTree = "<group>"; };
		10BF4A39D245BD15B9EE5E31 /* StylezamCaptureActivityAttributes.swift */ = {isa = PBXFileReference; lastKnownFileType = sourcecode.swift; path = StylezamCaptureActivityAttributes.swift; sourceTree = "<group>"; };
		11D7B431AD3D7BEA40E09136 /* YouCamTryOnService.swift */ = {isa = PBXFileReference; lastKnownFileType = sourcecode.swift; path = YouCamTryOnService.swift; sourceTree = "<group>"; };
		11FC9C93631D2D0D161922AA /* GarmentVisionEngine.swift */ = {isa = PBXFileReference; lastKnownFileType = sourcecode.swift; path = GarmentVisionEngine.swift; sourceTree = "<group>"; };
		13CB7E4C165132539BE264F9 /* StylezamControlUITests.swift */ = {isa = PBXFileReference; lastKnownFileType = sourcecode.swift; path = StylezamControlUITests.swift; sourceTree = "<group>"; };
		186586B04572ED4CBAC07684 /* AppModel.swift */ = {isa = PBXFileReference; lastKnownFileType = sourcecode.swift; path = AppModel.swift; sourceTree = "<group>"; };
		1CC9BFBA4FFEDCB9103DAC2E /* PrivacyInfo.xcprivacy */ = {isa = PBXFileReference; path = PrivacyInfo.xcprivacy; sourceTree = "<group>"; };
		28EDEA4381FED85305717CBF /* Stylezam.app */ = {isa = PBXFileReference; includeInIndex = 0; lastKnownFileType = wrapper.application; path = Stylezam.app; sourceTree = BUILT_PRODUCTS_DIR; };
		2960A5F79FC3888E504FD39A /* GarmentDuplicateGuard.swift */ = {isa = PBXFileReference; lastKnownFileType = sourcecode.swift; path = GarmentDuplicateGuard.swift; sourceTree = "<group>"; };
		2A9777323301C657786D16DB /* StylezamCaptureLiveActivity.swift */ = {isa = PBXFileReference; lastKnownFileType = sourcecode.swift; path = StylezamCaptureLiveActivity.swift; sourceTree = "<group>"; };
		2D218B380E2F95B01735CA1B /* PrivacyInfo.xcprivacy */ = {isa = PBXFileReference; path = PrivacyInfo.xcprivacy; sourceTree = "<group>"; };
		2DB157A542FD9AA7AC74BF73 /* ShareViewController.swift */ = {isa = PBXFileReference; lastKnownFileType = sourcecode.swift; path = ShareViewController.swift; sourceTree = "<group>"; };
		32FFF5ED05C00039B172D585 /* StylezamDesign.swift */ = {isa = PBXFileReference; lastKnownFileType = sourcecode.swift; path = StylezamDesign.swift; sourceTree = "<group>"; };
		3508C5A578324E82F996A38B /* AppModels.swift */ = {isa = PBXFileReference; lastKnownFileType = sourcecode.swift; path = AppModels.swift; sourceTree = "<group>"; };
		3AEE3FA2E562C606ACEABDAB /* ProductSearchService.swift */ = {isa = PBXFileReference; lastKnownFileType = sourcecode.swift; path = ProductSearchService.swift; sourceTree = "<group>"; };
		41E0AA9C044F0AAD484F07F8 /* AccountViews.swift */ = {isa = PBXFileReference; lastKnownFileType = sourcecode.swift; path = AccountViews.swift; sourceTree = "<group>"; };
		431C9709D4584CDF8CB1401D /* StylezamWidgets.appex */ = {isa = PBXFileReference; includeInIndex = 0; lastKnownFileType = "wrapper.app-extension"; path = StylezamWidgets.appex; sourceTree = BUILT_PRODUCTS_DIR; };
		44C7E1E93D4550F6DA2528A4 /* StylezamMotion.swift */ = {isa = PBXFileReference; lastKnownFileType = sourcecode.swift; path = StylezamMotion.swift; sourceTree = "<group>"; };
		48962ED198B3B07771116D6B /* LaunchExperienceView.swift */ = {isa = PBXFileReference; lastKnownFileType = sourcecode.swift; path = LaunchExperienceView.swift; sourceTree = "<group>"; };
		496D7ACAEBCBD463AFC56C7A /* CameraPicker.swift */ = {isa = PBXFileReference; lastKnownFileType = sourcecode.swift; path = CameraPicker.swift; sourceTree = "<group>"; };
		4ECE1BC8999ED5C2F0CF329C /* HomeView.swift */ = {isa = PBXFileReference; lastKnownFileType = sourcecode.swift; path = HomeView.swift; sourceTree = "<group>"; };
		4F790B57A92BDB9737A707E7 /* LibraryStore.swift */ = {isa = PBXFileReference; lastKnownFileType = sourcecode.swift; path = LibraryStore.swift; sourceTree = "<group>"; };
		5A7BE8538547EE77463CF3D4 /* LiveScreenCaptureManager.swift */ = {isa = PBXFileReference; lastKnownFileType = sourcecode.swift; path = LiveScreenCaptureManager.swift; sourceTree = "<group>"; };
		5A974E2CDFE3EF1C8C13377D /* App.xcconfig */ = {isa = PBXFileReference; lastKnownFileType = text.xcconfig; path = App.xcconfig; sourceTree = "<group>"; };
		5CD56358BDF26FC853C97071 /* LibraryView.swift */ = {isa = PBXFileReference; lastKnownFileType = sourcecode.swift; path = LibraryView.swift; sourceTree = "<group>"; };
		5D6149F74411CB2250C2927B /* SearchView.swift */ = {isa = PBXFileReference; lastKnownFileType = sourcecode.swift; path = SearchView.swift; sourceTree = "<group>"; };
		5DC04B74AB8E68E1E0241FBE /* SettingsView.swift */ = {isa = PBXFileReference; lastKnownFileType = sourcecode.swift; path = SettingsView.swift; sourceTree = "<group>"; };
		7585FB455DC227A7685179BA /* ScreenCaptureAvailability.swift */ = {isa = PBXFileReference; lastKnownFileType = sourcecode.swift; path = ScreenCaptureAvailability.swift; sourceTree = "<group>"; };
		7A69C4A0B84CE46718C4EC7C /* ProductDetailView.swift */ = {isa = PBXFileReference; lastKnownFileType = sourcecode.swift; path = ProductDetailView.swift; sourceTree = "<group>"; };
		7D750C5C73D66F384DEB282B /* StylezamGarmentSegmentation.mlpackage */ = {isa = PBXFileReference; path = StylezamGarmentSegmentation.mlpackage; sourceTree = "<group>"; };
		7F029DC5536934700D19D628 /* StylezamLiveScreenControl.swift */ = {isa = PBXFileReference; lastKnownFileType = sourcecode.swift; path = StylezamLiveScreenControl.swift; sourceTree = "<group>"; };
		810938F0D56327572F4CCF7B /* CaptureActivityManager.swift */ = {isa = PBXFileReference; lastKnownFileType = sourcecode.swift; path = CaptureActivityManager.swift; sourceTree = "<group>"; };
		817BAAA57D938EFD107A98EA /* AppGroup.swift */ = {isa = PBXFileReference; lastKnownFileType = sourcecode.swift; path = AppGroup.swift; sourceTree = "<group>"; };
		835689C7AE4EF20860FAA2FF /* ModelPackManager.swift */ = {isa = PBXFileReference; lastKnownFileType = sourcecode.swift; path = ModelPackManager.swift; sourceTree = "<group>"; };
		84EE8789C94B80E03AC250BA /* SearchStylezamImageIntent.swift */ = {isa = PBXFileReference; lastKnownFileType = sourcecode.swift; path = SearchStylezamImageIntent.swift; sourceTree = "<group>"; };
		8776C97BF5AD46E746581301 /* CredentialStore.swift */ = {isa = PBXFileReference; lastKnownFileType = sourcecode.swift; path = CredentialStore.swift; sourceTree = "<group>"; };
		90A3492CF917004962F6DACD /* VisionAndProductModels.swift */ = {isa = PBXFileReference; lastKnownFileType = sourcecode.swift; path = VisionAndProductModels.swift; sourceTree = "<group>"; };
		9237AF408EAE9B4EBE87F8E9 /* StylezamApp.swift */ = {isa = PBXFileReference; lastKnownFileType = sourcecode.swift; path = StylezamApp.swift; sourceTree = "<group>"; };
		9A940D99785B136691E06C4A /* CaptureSheet.swift */ = {isa = PBXFileReference; lastKnownFileType = sourcecode.swift; path = CaptureSheet.swift; sourceTree = "<group>"; };
		A08412D70F95EF0652C42C40 /* GoogleService-Info.plist */ = {isa = PBXFileReference; lastKnownFileType = text.plist; path = "GoogleService-Info.plist"; sourceTree = "<group>"; };
		A9FC9B7947D2A6F8CB017169 /* PrivacyInfo.xcprivacy */ = {isa = PBXFileReference; path = PrivacyInfo.xcprivacy; sourceTree = "<group>"; };
		AC437D83EB2BBDBA0F39E1FB /* TryOnView.swift */ = {isa = PBXFileReference; lastKnownFileType = sourcecode.swift; path = TryOnView.swift; sourceTree = "<group>"; };
		B178AF989CC01F0D8FB8C6E1 /* ImageViews.swift */ = {isa = PBXFileReference; lastKnownFileType = sourcecode.swift; path = ImageViews.swift; sourceTree = "<group>"; };
		B2B49B1DEAC1043DED6138C1 /* StylezamCaptureControl.swift */ = {isa = PBXFileReference; lastKnownFileType = sourcecode.swift; path = StylezamCaptureControl.swift; sourceTree = "<group>"; };
		B6AF9E7F89731F6C31774463 /* StylezamAppDelegate.swift */ = {isa = PBXFileReference; lastKnownFileType = sourcecode.swift; path = StylezamAppDelegate.swift; sourceTree = "<group>"; };
		BDA430F4B7EAA4B66F24C408 /* SearchUsageStore.swift */ = {isa = PBXFileReference; lastKnownFileType = sourcecode.swift; path = SearchUsageStore.swift; sourceTree = "<group>"; };
		C19D1132056E5B01A68DADF9 /* RootView.swift */ = {isa = PBXFileReference; lastKnownFileType = sourcecode.swift; path = RootView.swift; sourceTree = "<group>"; };
		C1E73A8F4B5024374B7E51D5 /* SettingsStore.swift */ = {isa = PBXFileReference; lastKnownFileType = sourcecode.swift; path = SettingsStore.swift; sourceTree = "<group>"; };
		C70AC81BE3A88E7297739342 /* VisionDebugView.swift */ = {isa = PBXFileReference; lastKnownFileType = sourcecode.swift; path = VisionDebugView.swift; sourceTree = "<group>"; };
		C9D457582E4F89E76DAED199 /* StylezamControlDestination.swift */ = {isa = PBXFileReference; lastKnownFileType = sourcecode.swift; path = StylezamControlDestination.swift; sourceTree = "<group>"; };
		CFBA8BBA158DB2AB23971AE2 /* StylezamWidgets.swift */ = {isa = PBXFileReference; lastKnownFileType = sourcecode.swift; path = StylezamWidgets.swift; sourceTree = "<group>"; };
		D502690A307F9CB0DEBB3755 /* SearchModels.swift */ = {isa = PBXFileReference; lastKnownFileType = sourcecode.swift; path = SearchModels.swift; sourceTree = "<group>"; };
		D86DEC967CA5715C957D401E /* AccountModels.swift */ = {isa = PBXFileReference; lastKnownFileType = sourcecode.swift; path = AccountModels.swift; sourceTree = "<group>"; };
		E7752E9B3E6F9C685A4E03D1 /* NotificationService.swift */ = {isa = PBXFileReference; lastKnownFileType = sourcecode.swift; path = NotificationService.swift; sourceTree = "<group>"; };
		EA76A6D38A5A5DA27D9473E5 /* garment-segmentation.json */ = {isa = PBXFileReference; lastKnownFileType = text.json; path = "garment-segmentation.json"; sourceTree = "<group>"; };
		EECFE30F7FE6A8C3F0B17830 /* CameraPreview.swift */ = {isa = PBXFileReference; lastKnownFileType = sourcecode.swift; path = CameraPreview.swift; sourceTree = "<group>"; };
		EF3733E7C459231377964274 /* AccountSession.swift */ = {isa = PBXFileReference; lastKnownFileType = sourcecode.swift; path = AccountSession.swift; sourceTree = "<group>"; };
		EFBD443A9A4D5685272D5E5F /* StylezamControlUITests.xctest */ = {isa = PBXFileReference; includeInIndex = 0; lastKnownFileType = wrapper.cfbundle; path = StylezamControlUITests.xctest; sourceTree = BUILT_PRODUCTS_DIR; };
/* End PBXFileReference section */

/* Begin PBXFrameworksBuildPhase section */
		44732C11DCC5005780EC506E /* Frameworks */ = {
			isa = PBXFrameworksBuildPhase;
			buildActionMask = 2147483647;
			files = (
				925BF1631C02981C235F1F76 /* FirebaseCore in Frameworks */,
				4AC1CCCDE9F2DC74F3B7C63F /* FirebaseAuth in Frameworks */,
				2D76956930B9C8E59FB2F0E9 /* FirebaseAnalyticsCore in Frameworks */,
				2EA02C4805935EB808DCD7FD /* GoogleSignIn in Frameworks */,
			);
			runOnlyForDeploymentPostprocessing = 0;
		};
/* End PBXFrameworksBuildPhase section */

/* Begin PBXGroup section */
		0742F5738BED00E79B442C26 /* Products */ = {
			isa = PBXGroup;
			children = (
				28EDEA4381FED85305717CBF /* Stylezam.app */,
				EFBD443A9A4D5685272D5E5F /* StylezamControlUITests.xctest */,
				0B6CC0BB7556FB16639E0BFE /* StylezamShare.appex */,
				431C9709D4584CDF8CB1401D /* StylezamWidgets.appex */,
			);
			name = Products;
			sourceTree = "<group>";
		};
		1AF070B60ACCEE176E10DAA8 /* Extensions */ = {
			isa = PBXGroup;
			children = (
				996BE3B677148DF5FCAB660F /* Share */,
				F4684D5F5BACDA0BB5ED819A /* Widgets */,
			);
			path = Extensions;
			sourceTree = "<group>";
		};
		212B219837B5C75227A560CE /* Search */ = {
			isa = PBXGroup;
			children = (
				5D6149F74411CB2250C2927B /* SearchView.swift */,
				0C03E5A010AC21D3FC127413 /* StylezamChatView.swift */,
			);
			path = Search;
			sourceTree = "<group>";
		};
		31848D26D3C9289FBAB54495 /* Activity */ = {
			isa = PBXGroup;
			children = (
				10BF4A39D245BD15B9EE5E31 /* StylezamCaptureActivityAttributes.swift */,
			);
			path = Activity;
			sourceTree = "<group>";
		};
		463D966A3FB24D7802A8EA44 /* StylezamControlUITests */ = {
			isa = PBXGroup;
			children = (
				13CB7E4C165132539BE264F9 /* StylezamControlUITests.swift */,
			);
			path = StylezamControlUITests;
			sourceTree = "<group>";
		};
		493D5DB5E9D802EA9D3EF3D4 /* Account */ = {
			isa = PBXGroup;
			children = (
				41E0AA9C044F0AAD484F07F8 /* AccountViews.swift */,
			);
			path = Account;
			sourceTree = "<group>";
		};
		559605BC820B921E9D883153 /* Services */ = {
			isa = PBXGroup;
			children = (
				EF3733E7C459231377964274 /* AccountSession.swift */,
				810938F0D56327572F4CCF7B /* CaptureActivityManager.swift */,
				8776C97BF5AD46E746581301 /* CredentialStore.swift */,
				2960A5F79FC3888E504FD39A /* GarmentDuplicateGuard.swift */,
				11FC9C93631D2D0D161922AA /* GarmentVisionEngine.swift */,
				4F790B57A92BDB9737A707E7 /* LibraryStore.swift */,
				5A7BE8538547EE77463CF3D4 /* LiveScreenCaptureManager.swift */,
				835689C7AE4EF20860FAA2FF /* ModelPackManager.swift */,
				E7752E9B3E6F9C685A4E03D1 /* NotificationService.swift */,
				3AEE3FA2E562C606ACEABDAB /* ProductSearchService.swift */,
				7585FB455DC227A7685179BA /* ScreenCaptureAvailability.swift */,
				BDA430F4B7EAA4B66F24C408 /* SearchUsageStore.swift */,
				C1E73A8F4B5024374B7E51D5 /* SettingsStore.swift */,
				B6AF9E7F89731F6C31774463 /* StylezamAppDelegate.swift */,
				104415E48030BF458B1EBA6C /* StylezamShortcuts.swift */,
				11D7B431AD3D7BEA40E09136 /* YouCamTryOnService.swift */,
			);
			path = Services;
			sourceTree = "<group>";
		};
		56AAE292B65F315C73CB07B0 /* App */ = {
			isa = PBXGroup;
			children = (
				E3EB5133BF3A529254AD1BB8 /* DesignSystem */,
				C9E548B2A6664838ED7F3031 /* Features */,
				A915D72A19FDDCF3096B2A9F /* Models */,
				71C5F9309FBB87370517F026 /* Resources */,
				559605BC820B921E9D883153 /* Services */,
				186586B04572ED4CBAC07684 /* AppModel.swift */,
				C19D1132056E5B01A68DADF9 /* RootView.swift */,
				9237AF408EAE9B4EBE87F8E9 /* StylezamApp.swift */,
			);
			path = App;
			sourceTree = "<group>";
		};
		58073B8CA50632B1C233FF91 /* Product */ = {
			isa = PBXGroup;
			children = (
				7A69C4A0B84CE46718C4EC7C /* ProductDetailView.swift */,
				AC437D83EB2BBDBA0F39E1FB /* TryOnView.swift */,
			);
			path = Product;
			sourceTree = "<group>";
		};
		58F3CF3229840A1DF4CA3D46 /* Home */ = {
			isa = PBXGroup;
			children = (
				4ECE1BC8999ED5C2F0CF329C /* HomeView.swift */,
			);
			path = Home;
			sourceTree = "<group>";
		};
		62091735B67146014A6D9CC1 = {
			isa = PBXGroup;
			children = (
				56AAE292B65F315C73CB07B0 /* App */,
				C86625AFF948FD48087106E9 /* Config */,
				1AF070B60ACCEE176E10DAA8 /* Extensions */,
				94F2AC4DCF8717ED7A96B55F /* Shared */,
				7B346BCB634DDAB9D0F12DC1 /* Tests */,
				0742F5738BED00E79B442C26 /* Products */,
			);
			sourceTree = "<group>";
		};
		66C9076C1CD55CAED48ECEF2 /* Models */ = {
			isa = PBXGroup;
			children = (
				EA76A6D38A5A5DA27D9473E5 /* garment-segmentation.json */,
				7D750C5C73D66F384DEB282B /* StylezamGarmentSegmentation.mlpackage */,
			);
			path = Models;
			sourceTree = "<group>";
		};
		71C5F9309FBB87370517F026 /* Resources */ = {
			isa = PBXGroup;
			children = (
				66C9076C1CD55CAED48ECEF2 /* Models */,
				0323FB49E9A47D9209839A59 /* Assets.xcassets */,
				A08412D70F95EF0652C42C40 /* GoogleService-Info.plist */,
				A9FC9B7947D2A6F8CB017169 /* PrivacyInfo.xcprivacy */,
			);
			path = Resources;
			sourceTree = "<group>";
		};
		7AEA542C5D3754BE203B9B6F /* Onboarding */ = {
			isa = PBXGroup;
			children = (
				08EADD108A8B6C096FF911EF /* FirstRunExperienceView.swift */,
			);
			path = Onboarding;
			sourceTree = "<group>";
		};
		7B346BCB634DDAB9D0F12DC1 /* Tests */ = {
			isa = PBXGroup;
			children = (
				463D966A3FB24D7802A8EA44 /* StylezamControlUITests */,
			);
			path = Tests;
			sourceTree = "<group>";
		};
		8A4469897690815ECBBB14F4 /* Settings */ = {
			isa = PBXGroup;
			children = (
				5DC04B74AB8E68E1E0241FBE /* SettingsView.swift */,
				C70AC81BE3A88E7297739342 /* VisionDebugView.swift */,
			);
			path = Settings;
			sourceTree = "<group>";
		};
		94F2AC4DCF8717ED7A96B55F /* Shared */ = {
			isa = PBXGroup;
			children = (
				31848D26D3C9289FBAB54495 /* Activity */,
				D8E1209E52D42493933F1C1F /* AppIntents */,
				817BAAA57D938EFD107A98EA /* AppGroup.swift */,
			);
			path = Shared;
			sourceTree = "<group>";
		};
		996BE3B677148DF5FCAB660F /* Share */ = {
			isa = PBXGroup;
			children = (
				2D218B380E2F95B01735CA1B /* PrivacyInfo.xcprivacy */,
				2DB157A542FD9AA7AC74BF73 /* ShareViewController.swift */,
			);
			path = Share;
			sourceTree = "<group>";
		};
		A915D72A19FDDCF3096B2A9F /* Models */ = {
			isa = PBXGroup;
			children = (
				D86DEC967CA5715C957D401E /* AccountModels.swift */,
				3508C5A578324E82F996A38B /* AppModels.swift */,
				D502690A307F9CB0DEBB3755 /* SearchModels.swift */,
				90A3492CF917004962F6DACD /* VisionAndProductModels.swift */,
			);
			path = Models;
			sourceTree = "<group>";
		};
		BF8B0D3F71610330FCBA9277 /* Launch */ = {
			isa = PBXGroup;
			children = (
				48962ED198B3B07771116D6B /* LaunchExperienceView.swift */,
			);
			path = Launch;
			sourceTree = "<group>";
		};
		C36426B253EFACFD6DCD38CA /* Library */ = {
			isa = PBXGroup;
			children = (
				5CD56358BDF26FC853C97071 /* LibraryView.swift */,
			);
			path = Library;
			sourceTree = "<group>";
		};
		C86625AFF948FD48087106E9 /* Config */ = {
			isa = PBXGroup;
			children = (
				5A974E2CDFE3EF1C8C13377D /* App.xcconfig */,
			);
			path = Config;
			sourceTree = "<group>";
		};
		C9E548B2A6664838ED7F3031 /* Features */ = {
			isa = PBXGroup;
			children = (
				493D5DB5E9D802EA9D3EF3D4 /* Account */,
				D369F325E07BCE8A4CDD5CBA /* Capture */,
				58F3CF3229840A1DF4CA3D46 /* Home */,
				BF8B0D3F71610330FCBA9277 /* Launch */,
				C36426B253EFACFD6DCD38CA /* Library */,
				7AEA542C5D3754BE203B9B6F /* Onboarding */,
				58073B8CA50632B1C233FF91 /* Product */,
				212B219837B5C75227A560CE /* Search */,
				8A4469897690815ECBBB14F4 /* Settings */,
			);
			path = Features;
			sourceTree = "<group>";
		};
		D369F325E07BCE8A4CDD5CBA /* Capture */ = {
			isa = PBXGroup;
			children = (
				496D7ACAEBCBD463AFC56C7A /* CameraPicker.swift */,
				EECFE30F7FE6A8C3F0B17830 /* CameraPreview.swift */,
				0D7CD24096454F2142A32276 /* CameraSessionController.swift */,
				9A940D99785B136691E06C4A /* CaptureSheet.swift */,
			);
			path = Capture;
			sourceTree = "<group>";
		};
		D8E1209E52D42493933F1C1F /* AppIntents */ = {
			isa = PBXGroup;
			children = (
				84EE8789C94B80E03AC250BA /* SearchStylezamImageIntent.swift */,
				C9D457582E4F89E76DAED199 /* StylezamControlDestination.swift */,
			);
			path = AppIntents;
			sourceTree = "<group>";
		};
		E3EB5133BF3A529254AD1BB8 /* DesignSystem */ = {
			isa = PBXGroup;
			children = (
				B178AF989CC01F0D8FB8C6E1 /* ImageViews.swift */,
				32FFF5ED05C00039B172D585 /* StylezamDesign.swift */,
				44C7E1E93D4550F6DA2528A4 /* StylezamMotion.swift */,
			);
			path = DesignSystem;
			sourceTree = "<group>";
		};
		F4684D5F5BACDA0BB5ED819A /* Widgets */ = {
			isa = PBXGroup;
			children = (
				1CC9BFBA4FFEDCB9103DAC2E /* PrivacyInfo.xcprivacy */,
				B2B49B1DEAC1043DED6138C1 /* StylezamCaptureControl.swift */,
				2A9777323301C657786D16DB /* StylezamCaptureLiveActivity.swift */,
				7F029DC5536934700D19D628 /* StylezamLiveScreenControl.swift */,
				CFBA8BBA158DB2AB23971AE2 /* StylezamWidgets.swift */,
			);
			path = Widgets;
			sourceTree = "<group>";
		};
/* End PBXGroup section */

/* Begin PBXNativeTarget section */
		063F2108A612FE4DC2FBBB6B /* Stylezam */ = {
			isa = PBXNativeTarget;
			buildConfigurationList = 1BAEBA5AC0BECEEBE2A69F40 /* Build configuration list for PBXNativeTarget "Stylezam" */;
			buildPhases = (
				F7355A93A989A7C0DF56E544 /* Sources */,
				0992E1A8DE37DA280E0F0DE5 /* Resources */,
				44732C11DCC5005780EC506E /* Frameworks */,
				47F91284358A1F61C93D0F7D /* Embed Foundation Extensions */,
			);
			buildRules = (
			);
			dependencies = (
				1403DFDF233FA36B79989CF3 /* PBXTargetDependency */,
				D969E11514AD9F2BF1890555 /* PBXTargetDependency */,
			);
			name = Stylezam;
			packageProductDependencies = (
				46DF6990FEB82C1A74BEC515 /* FirebaseCore */,
				23EC7B3710F3524794102889 /* FirebaseAuth */,
				A54C5B6E9778693EEC5A9248 /* FirebaseAnalyticsCore */,
				16CAA1D950DE5F43465B14C5 /* GoogleSignIn */,
			);
			productName = Stylezam;
			productReference = 28EDEA4381FED85305717CBF /* Stylezam.app */;
			productType = "com.apple.product-type.application";
		};
		5DD1D34A27B004B1B19ECA74 /* StylezamWidgets */ = {
			isa = PBXNativeTarget;
			buildConfigurationList = EEA485146610EA9369EAFCA9 /* Build configuration list for PBXNativeTarget "StylezamWidgets" */;
			buildPhases = (
				B3B27C280AB66EE485C481DE /* Sources */,
				9CBA86262CAEFC7D475FA719 /* Resources */,
			);
			buildRules = (
			);
			dependencies = (
			);
			name = StylezamWidgets;
			packageProductDependencies = (
			);
			productName = StylezamWidgets;
			productReference = 431C9709D4584CDF8CB1401D /* StylezamWidgets.appex */;
			productType = "com.apple.product-type.app-extension";
		};
		C2514C66A52AFA79FBC4EF4E /* StylezamControlUITests */ = {
			isa = PBXNativeTarget;
			buildConfigurationList = 19862E64A935C41D82647BFA /* Build configuration list for PBXNativeTarget "StylezamControlUITests" */;
			buildPhases = (
				FCFE434A1F4526B51E5DA1F0 /* Sources */,
			);
			buildRules = (
			);
			dependencies = (
				9EA9744668C1517073423E9D /* PBXTargetDependency */,
			);
			name = StylezamControlUITests;
			packageProductDependencies = (
			);
			productName = StylezamControlUITests;
			productReference = EFBD443A9A4D5685272D5E5F /* StylezamControlUITests.xctest */;
			productType = "com.apple.product-type.bundle.ui-testing";
		};
		F42AB34E6474AA657C43A3A0 /* StylezamShare */ = {
			isa = PBXNativeTarget;
			buildConfigurationList = 5256CAC6B7139DF9EBC52E37 /* Build configuration list for PBXNativeTarget "StylezamShare" */;
			buildPhases = (
				7D18313A4A7D55CAF74204F1 /* Sources */,
				75EEB4C1B0E8517F234E1F01 /* Resources */,
			);
			buildRules = (
			);
			dependencies = (
			);
			name = StylezamShare;
			packageProductDependencies = (
			);
			productName = StylezamShare;
			productReference = 0B6CC0BB7556FB16639E0BFE /* StylezamShare.appex */;
			productType = "com.apple.product-type.app-extension";
		};
/* End PBXNativeTarget section */

/* Begin PBXProject section */
		A9BF53E7EBCE99DF94BAEE88 /* Project object */ = {
			isa = PBXProject;
			attributes = {
				BuildIndependentTargetsInParallel = YES;
				LastUpgradeCheck = 1430;
				TargetAttributes = {
					063F2108A612FE4DC2FBBB6B = {
						ProvisioningStyle = Automatic;
					};
					5DD1D34A27B004B1B19ECA74 = {
						ProvisioningStyle = Automatic;
					};
					C2514C66A52AFA79FBC4EF4E = {
						ProvisioningStyle = Automatic;
						TestTargetID = 063F2108A612FE4DC2FBBB6B;
					};
					F42AB34E6474AA657C43A3A0 = {
						ProvisioningStyle = Automatic;
					};
				};
			};
			buildConfigurationList = 263AA2F032E8C05971BD7D0E /* Build configuration list for PBXProject "Stylezam" */;
			developmentRegion = en;
			hasScannedForEncodings = 0;
			knownRegions = (
				Base,
				en,
			);
			mainGroup = 62091735B67146014A6D9CC1;
			minimizedProjectReferenceProxies = 1;
			packageReferences = (
				AB995DF5AECEF79C3E533D60 /* XCRemoteSwiftPackageReference "firebase-ios-sdk" */,
				DDD0C40572C916C5D9B1A68D /* XCRemoteSwiftPackageReference "GoogleSignIn-iOS" */,
			);
			preferredProjectObjectVersion = 77;
			productRefGroup = 0742F5738BED00E79B442C26 /* Products */;
			projectDirPath = "";
			projectRoot = "";
			targets = (
				063F2108A612FE4DC2FBBB6B /* Stylezam */,
				5DD1D34A27B004B1B19ECA74 /* StylezamWidgets */,
				F42AB34E6474AA657C43A3A0 /* StylezamShare */,
				C2514C66A52AFA79FBC4EF4E /* StylezamControlUITests */,
			);
		};
/* End PBXProject section */

/* Begin PBXResourcesBuildPhase section */
		0992E1A8DE37DA280E0F0DE5 /* Resources */ = {
			isa = PBXResourcesBuildPhase;
			buildActionMask = 2147483647;
			files = (
				0EFCC6EAC05F60F990A42BC1 /* Assets.xcassets in Resources */,
				D03988F7D15C1DC5E6DC76DA /* GoogleService-Info.plist in Resources */,
				40751728C11BDC69C24F858F /* PrivacyInfo.xcprivacy in Resources */,
				40EF33336865700EB2439199 /* StylezamGarmentSegmentation.mlpackage in Resources */,
				0BB798823EBEA25C4274BB81 /* garment-segmentation.json in Resources */,
			);
			runOnlyForDeploymentPostprocessing = 0;
		};
		75EEB4C1B0E8517F234E1F01 /* Resources */ = {
			isa = PBXResourcesBuildPhase;
			buildActionMask = 2147483647;
			files = (
				AA7F0C31451C4B802854BFC2 /* PrivacyInfo.xcprivacy in Resources */,
			);
			runOnlyForDeploymentPostprocessing = 0;
		};
		9CBA86262CAEFC7D475FA719 /* Resources */ = {
			isa = PBXResourcesBuildPhase;
			buildActionMask = 2147483647;
			files = (
				5477192D67F401EFEB756C39 /* PrivacyInfo.xcprivacy in Resources */,
			);
			runOnlyForDeploymentPostprocessing = 0;
		};
/* End PBXResourcesBuildPhase section */

/* Begin PBXSourcesBuildPhase section */
		7D18313A4A7D55CAF74204F1 /* Sources */ = {
			isa = PBXSourcesBuildPhase;
			buildActionMask = 2147483647;
			files = (
				D8D2B25724BAD0AD071BE888 /* AppGroup.swift in Sources */,
				9B29BB1940201C7BD51C99A2 /* ShareViewController.swift in Sources */,
			);
			runOnlyForDeploymentPostprocessing = 0;
		};
		B3B27C280AB66EE485C481DE /* Sources */ = {
			isa = PBXSourcesBuildPhase;
			buildActionMask = 2147483647;
			files = (
				EAF4BEF7975C4B347C0A4586 /* AppGroup.swift in Sources */,
				BFF866CDE74727A3FDD57E3A /* SearchStylezamImageIntent.swift in Sources */,
				1D9CE91AAAB9A3B84CA961D3 /* StylezamCaptureActivityAttributes.swift in Sources */,
				C256FE0FF794855A62D13D64 /* StylezamCaptureControl.swift in Sources */,
				68A8B3891A1D11AFC46D5B58 /* StylezamCaptureLiveActivity.swift in Sources */,
				821CDE01A3D4760F0A03B973 /* StylezamControlDestination.swift in Sources */,
				4F99A5B4A3E3016D1733BD5E /* StylezamLiveScreenControl.swift in Sources */,
				458409D05674C04C290D9648 /* StylezamWidgets.swift in Sources */,
			);
			runOnlyForDeploymentPostprocessing = 0;
		};
		F7355A93A989A7C0DF56E544 /* Sources */ = {
			isa = PBXSourcesBuildPhase;
			buildActionMask = 2147483647;
			files = (
				B2E843A9A85E21403CA081F1 /* AccountModels.swift in Sources */,
				4C4F5CD7D712F0FD6E61EA34 /* AccountSession.swift in Sources */,
				2BBBE1B499085A6574A93665 /* AccountViews.swift in Sources */,
				755B5F562D260411BAD1C773 /* AppGroup.swift in Sources */,
				612527C8D504AACECBB047A0 /* AppModel.swift in Sources */,
				197425BF0FA96D593BC17093 /* AppModels.swift in Sources */,
				A5D92B0ED2EB1517B4B6EDD1 /* CameraPicker.swift in Sources */,
				370DC13159B1D9A573AC57AC /* CameraPreview.swift in Sources */,
				3031C041FFC99D16D2089A61 /* CameraSessionController.swift in Sources */,
				375DF52023B702EBA4328FE7 /* CaptureActivityManager.swift in Sources */,
				F51B05AD4E214493C1128C0A /* CaptureSheet.swift in Sources */,
				9805CE7058ECC70DF2B197AC /* CredentialStore.swift in Sources */,
				E1CEFAA15C79553A29F31DCE /* FirstRunExperienceView.swift in Sources */,
				9ECB0AE5CB9A8B8441B60C85 /* GarmentDuplicateGuard.swift in Sources */,
				8B2BA3C4A145508C13914968 /* GarmentVisionEngine.swift in Sources */,
				0DDC7152E9F69B07F6BA1134 /* HomeView.swift in Sources */,
				66229E4EDBE2E9EB63046368 /* ImageViews.swift in Sources */,
				457BA936B47C78C3D3C3C4AC /* LaunchExperienceView.swift in Sources */,
				8C30A42D80D392E9389CA986 /* LibraryStore.swift in Sources */,
				FF0D195106C6753D5AA272C4 /* LibraryView.swift in Sources */,
				8A92DC227FA912701BACD6A9 /* LiveScreenCaptureManager.swift in Sources */,
				A3D616A149CC5838F5E8708D /* ModelPackManager.swift in Sources */,
				FE7073815E347BAA386910C0 /* NotificationService.swift in Sources */,
				CA6ACDE361167FDC95D0A057 /* ProductDetailView.swift in Sources */,
				CFCB3240B946F18BA5BF2AE0 /* ProductSearchService.swift in Sources */,
				C2B59CBD104AE719647B40DD /* RootView.swift in Sources */,
				B9B5CBAF9671DF404412C6D1 /* ScreenCaptureAvailability.swift in Sources */,
				646BB8DB71EE6EC1139CC510 /* SearchModels.swift in Sources */,
				F36D719E6BB5959E1BF4A536 /* SearchStylezamImageIntent.swift in Sources */,
				83EB3C5DC0A3967C316620C7 /* SearchUsageStore.swift in Sources */,
				C231B38854630C54DF79E113 /* SearchView.swift in Sources */,
				FA1588788561A3B356F64509 /* SettingsStore.swift in Sources */,
				0B7C3C2E439D3B2EFE88B17D /* SettingsView.swift in Sources */,
				C366E4AF7E9683D6DFA38F8F /* StylezamApp.swift in Sources */,
				465B51B6895097D13BAB4175 /* StylezamAppDelegate.swift in Sources */,
				6E487DF493CFE206E884087D /* StylezamCaptureActivityAttributes.swift in Sources */,
				F422F7A2449F720684071D48 /* StylezamChatView.swift in Sources */,
				216DECAA98AACC5DDC61F5E4 /* StylezamControlDestination.swift in Sources */,
				81260976E8048F5712C3D946 /* StylezamDesign.swift in Sources */,
				2EA6B6CC49D45AC8BF38EE6A /* StylezamMotion.swift in Sources */,
				E9D790482C628FACBF73A2D4 /* StylezamShortcuts.swift in Sources */,
				7F28690E56B4A0EEC46F968A /* TryOnView.swift in Sources */,
				E38666AB4433101A34885641 /* VisionAndProductModels.swift in Sources */,
				F8BAB78D74054BC17861C934 /* VisionDebugView.swift in Sources */,
				45BEC38F3C8E4A0378DDC300 /* YouCamTryOnService.swift in Sources */,
			);
			runOnlyForDeploymentPostprocessing = 0;
		};
		FCFE434A1F4526B51E5DA1F0 /* Sources */ = {
			isa = PBXSourcesBuildPhase;
			buildActionMask = 2147483647;
			files = (
				0DB1EB29EDA0AADAAAAB5906 /* StylezamControlUITests.swift in Sources */,
			);
			runOnlyForDeploymentPostprocessing = 0;
		};
/* End PBXSourcesBuildPhase section */

/* Begin PBXTargetDependency section */
		1403DFDF233FA36B79989CF3 /* PBXTargetDependency */ = {
			isa = PBXTargetDependency;
			target = 5DD1D34A27B004B1B19ECA74 /* StylezamWidgets */;
			targetProxy = 778BC21CDBAE608CC8F36609 /* PBXContainerItemProxy */;
		};
		9EA9744668C1517073423E9D /* PBXTargetDependency */ = {
			isa = PBXTargetDependency;
			target = 063F2108A612FE4DC2FBBB6B /* Stylezam */;
			targetProxy = F865E28A7FA77AACEE01390C /* PBXContainerItemProxy */;
		};
		D969E11514AD9F2BF1890555 /* PBXTargetDependency */ = {
			isa = PBXTargetDependency;
			target = F42AB34E6474AA657C43A3A0 /* StylezamShare */;
			targetProxy = F884EDC14C8F28B7091ED417 /* PBXContainerItemProxy */;
		};
/* End PBXTargetDependency section */

/* Begin XCBuildConfiguration section */
		0449A07ABEA0173E3A43FF73 /* Debug */ = {
			isa = XCBuildConfiguration;
			baseConfigurationReference = 5A974E2CDFE3EF1C8C13377D /* App.xcconfig */;
			buildSettings = {
				ASSETCATALOG_COMPILER_APPICON_NAME = AppIcon;
				ASSETCATALOG_COMPILER_GLOBAL_ACCENT_COLOR_NAME = AccentColor;
				CODE_SIGN_ENTITLEMENTS = App/Stylezam.entitlements;
				CODE_SIGN_IDENTITY = "iPhone Developer";
				GENERATE_INFOPLIST_FILE = NO;
				INFOPLIST_FILE = App/Info.plist;
				LD_RUNPATH_SEARCH_PATHS = (
					"$(inherited)",
					"@executable_path/Frameworks",
				);
				OTHER_LDFLAGS = "$(inherited) -ObjC";
				PRODUCT_BUNDLE_IDENTIFIER = com.stylezam.app;
				PRODUCT_NAME = Stylezam;
				SDKROOT = iphoneos;
				TARGETED_DEVICE_FAMILY = "1,2";
			};
			name = Debug;
		};
		1EDA6D2CAC3E2B56FD746F01 /* Debug */ = {
			isa = XCBuildConfiguration;
			buildSettings = {
				BUNDLE_LOADER = "$(TEST_HOST)";
				GENERATE_INFOPLIST_FILE = YES;
				LD_RUNPATH_SEARCH_PATHS = (
					"$(inherited)",
					"@executable_path/Frameworks",
					"@loader_path/Frameworks",
				);
				PRODUCT_BUNDLE_IDENTIFIER = "com.stylezam.app.control-ui-tests";
				PRODUCT_NAME = StylezamControlUITests;
				SDKROOT = iphoneos;
				TARGETED_DEVICE_FAMILY = "1,2";
				TEST_TARGET_NAME = Stylezam;
			};
			name = Debug;
		};
		2F3125FC32DC8967B8E4B7CA /* Release */ = {
			isa = XCBuildConfiguration;
			buildSettings = {
				CODE_SIGN_ENTITLEMENTS = Extensions/Share/StylezamShare.entitlements;
				GENERATE_INFOPLIST_FILE = NO;
				INFOPLIST_FILE = Extensions/Share/Info.plist;
				LD_RUNPATH_SEARCH_PATHS = (
					"$(inherited)",
					"@executable_path/Frameworks",
					"@executable_path/../../Frameworks",
				);
				PRODUCT_BUNDLE_IDENTIFIER = com.stylezam.app.share;
				PRODUCT_NAME = StylezamShare;
				SDKROOT = iphoneos;
				SKIP_INSTALL = YES;
				TARGETED_DEVICE_FAMILY = "1,2";
			};
			name = Release;
		};
		539829D53B52D69CEFB44089 /* Release */ = {
			isa = XCBuildConfiguration;
			buildSettings = {
				BUNDLE_LOADER = "$(TEST_HOST)";
				GENERATE_INFOPLIST_FILE = YES;
				LD_RUNPATH_SEARCH_PATHS = (
					"$(inherited)",
					"@executable_path/Frameworks",
					"@loader_path/Frameworks",
				);
				PRODUCT_BUNDLE_IDENTIFIER = "com.stylezam.app.control-ui-tests";
				PRODUCT_NAME = StylezamControlUITests;
				SDKROOT = iphoneos;
				TARGETED_DEVICE_FAMILY = "1,2";
				TEST_TARGET_NAME = Stylezam;
			};
			name = Release;
		};
		58AE8F13E13EA9958879987B /* Release */ = {
			isa = XCBuildConfiguration;
			buildSettings = {
				CODE_SIGN_ENTITLEMENTS = Extensions/Widgets/StylezamWidgets.entitlements;
				GENERATE_INFOPLIST_FILE = NO;
				INFOPLIST_FILE = Extensions/Widgets/Info.plist;
				LD_RUNPATH_SEARCH_PATHS = (
					"$(inherited)",
					"@executable_path/Frameworks",
					"@executable_path/../../Frameworks",
				);
				PRODUCT_BUNDLE_IDENTIFIER = com.stylezam.app.widgets;
				PRODUCT_NAME = StylezamWidgets;
				SDKROOT = iphoneos;
				SKIP_INSTALL = YES;
				TARGETED_DEVICE_FAMILY = "1,2";
			};
			name = Release;
		};
		8366F1D4302FFD5D90DC37A0 /* Release */ = {
			isa = XCBuildConfiguration;
			buildSettings = {
				ALWAYS_SEARCH_USER_PATHS = NO;
				CLANG_ANALYZER_NONNULL = YES;
				CLANG_ANALYZER_NUMBER_OBJECT_CONVERSION = YES_AGGRESSIVE;
				CLANG_CXX_LANGUAGE_STANDARD = "gnu++14";
				CLANG_CXX_LIBRARY = "libc++";
				CLANG_ENABLE_MODULES = YES;
				CLANG_ENABLE_OBJC_ARC = YES;
				CLANG_ENABLE_OBJC_WEAK = YES;
				CLANG_WARN_BLOCK_CAPTURE_AUTORELEASING = YES;
				CLANG_WARN_BOOL_CONVERSION = YES;
				CLANG_WARN_COMMA = YES;
				CLANG_WARN_CONSTANT_CONVERSION = YES;
				CLANG_WARN_DEPRECATED_OBJC_IMPLEMENTATIONS = YES;
				CLANG_WARN_DIRECT_OBJC_ISA_USAGE = YES_ERROR;
				CLANG_WARN_DOCUMENTATION_COMMENTS = YES;
				CLANG_WARN_EMPTY_BODY = YES;
				CLANG_WARN_ENUM_CONVERSION = YES;
				CLANG_WARN_INFINITE_RECURSION = YES;
				CLANG_WARN_INT_CONVERSION = YES;
				CLANG_WARN_NON_LITERAL_NULL_CONVERSION = YES;
				CLANG_WARN_OBJC_IMPLICIT_RETAIN_SELF = YES;
				CLANG_WARN_OBJC_LITERAL_CONVERSION = YES;
				CLANG_WARN_OBJC_ROOT_CLASS = YES_ERROR;
				CLANG_WARN_QUOTED_INCLUDE_IN_FRAMEWORK_HEADER = YES;
				CLANG_WARN_RANGE_LOOP_ANALYSIS = YES;
				CLANG_WARN_STRICT_PROTOTYPES = YES;
				CLANG_WARN_SUSPICIOUS_MOVE = YES;
				CLANG_WARN_UNGUARDED_AVAILABILITY = YES_AGGRESSIVE;
				CLANG_WARN_UNREACHABLE_CODE = YES;
				CLANG_WARN__DUPLICATE_METHOD_MATCH = YES;
				CODE_SIGN_STYLE = Automatic;
				COPY_PHASE_STRIP = NO;
				CURRENT_PROJECT_VERSION = 1;
				DEBUG_INFORMATION_FORMAT = "dwarf-with-dsym";
				ENABLE_NS_ASSERTIONS = NO;
				ENABLE_STRICT_OBJC_MSGSEND = YES;
				ENABLE_USER_SCRIPT_SANDBOXING = YES;
				GCC_C_LANGUAGE_STANDARD = gnu11;
				GCC_NO_COMMON_BLOCKS = YES;
				GCC_WARN_64_TO_32_BIT_CONVERSION = YES;
				GCC_WARN_ABOUT_RETURN_TYPE = YES_ERROR;
				GCC_WARN_UNDECLARED_SELECTOR = YES;
				GCC_WARN_UNINITIALIZED_AUTOS = YES_AGGRESSIVE;
				GCC_WARN_UNUSED_FUNCTION = YES;
				GCC_WARN_UNUSED_VARIABLE = YES;
				IPHONEOS_DEPLOYMENT_TARGET = 18.0;
				LOCALIZATION_PREFERS_STRING_CATALOGS = YES;
				MARKETING_VERSION = 0.1.0;
				MTL_ENABLE_DEBUG_INFO = NO;
				MTL_FAST_MATH = YES;
				PRODUCT_NAME = "$(TARGET_NAME)";
				SDKROOT = iphoneos;
				SWIFT_COMPILATION_MODE = wholemodule;
				SWIFT_EMIT_LOC_STRINGS = YES;
				SWIFT_OPTIMIZATION_LEVEL = "-O";
				SWIFT_VERSION = 6.0;
				TARGETED_DEVICE_FAMILY = 1;
			};
			name = Release;
		};
		96D7CB8E90B35D2874A33B94 /* Debug */ = {
			isa = XCBuildConfiguration;
			buildSettings = {
				ALWAYS_SEARCH_USER_PATHS = NO;
				CLANG_ANALYZER_NONNULL = YES;
				CLANG_ANALYZER_NUMBER_OBJECT_CONVERSION = YES_AGGRESSIVE;
				CLANG_CXX_LANGUAGE_STANDARD = "gnu++14";
				CLANG_CXX_LIBRARY = "libc++";
				CLANG_ENABLE_MODULES = YES;
				CLANG_ENABLE_OBJC_ARC = YES;
				CLANG_ENABLE_OBJC_WEAK = YES;
				CLANG_WARN_BLOCK_CAPTURE_AUTORELEASING = YES;
				CLANG_WARN_BOOL_CONVERSION = YES;
				CLANG_WARN_COMMA = YES;
				CLANG_WARN_CONSTANT_CONVERSION = YES;
				CLANG_WARN_DEPRECATED_OBJC_IMPLEMENTATIONS = YES;
				CLANG_WARN_DIRECT_OBJC_ISA_USAGE = YES_ERROR;
				CLANG_WARN_DOCUMENTATION_COMMENTS = YES;
				CLANG_WARN_EMPTY_BODY = YES;
				CLANG_WARN_ENUM_CONVERSION = YES;
				CLANG_WARN_INFINITE_RECURSION = YES;
				CLANG_WARN_INT_CONVERSION = YES;
				CLANG_WARN_NON_LITERAL_NULL_CONVERSION = YES;
				CLANG_WARN_OBJC_IMPLICIT_RETAIN_SELF = YES;
				CLANG_WARN_OBJC_LITERAL_CONVERSION = YES;
				CLANG_WARN_OBJC_ROOT_CLASS = YES_ERROR;
				CLANG_WARN_QUOTED_INCLUDE_IN_FRAMEWORK_HEADER = YES;
				CLANG_WARN_RANGE_LOOP_ANALYSIS = YES;
				CLANG_WARN_STRICT_PROTOTYPES = YES;
				CLANG_WARN_SUSPICIOUS_MOVE = YES;
				CLANG_WARN_UNGUARDED_AVAILABILITY = YES_AGGRESSIVE;
				CLANG_WARN_UNREACHABLE_CODE = YES;
				CLANG_WARN__DUPLICATE_METHOD_MATCH = YES;
				CODE_SIGN_STYLE = Automatic;
				COPY_PHASE_STRIP = NO;
				CURRENT_PROJECT_VERSION = 1;
				DEBUG_INFORMATION_FORMAT = dwarf;
				ENABLE_STRICT_OBJC_MSGSEND = YES;
				ENABLE_TESTABILITY = YES;
				ENABLE_USER_SCRIPT_SANDBOXING = YES;
				GCC_C_LANGUAGE_STANDARD = gnu11;
				GCC_DYNAMIC_NO_PIC = NO;
				GCC_NO_COMMON_BLOCKS = YES;
				GCC_OPTIMIZATION_LEVEL = 0;
				GCC_PREPROCESSOR_DEFINITIONS = (
					"$(inherited)",
					"DEBUG=1",
				);
				GCC_WARN_64_TO_32_BIT_CONVERSION = YES;
				GCC_WARN_ABOUT_RETURN_TYPE = YES_ERROR;
				GCC_WARN_UNDECLARED_SELECTOR = YES;
				GCC_WARN_UNINITIALIZED_AUTOS = YES_AGGRESSIVE;
				GCC_WARN_UNUSED_FUNCTION = YES;
				GCC_WARN_UNUSED_VARIABLE = YES;
				IPHONEOS_DEPLOYMENT_TARGET = 18.0;
				LOCALIZATION_PREFERS_STRING_CATALOGS = YES;
				MARKETING_VERSION = 0.1.0;
				MTL_ENABLE_DEBUG_INFO = INCLUDE_SOURCE;
				MTL_FAST_MATH = YES;
				ONLY_ACTIVE_ARCH = YES;
				PRODUCT_NAME = "$(TARGET_NAME)";
				SDKROOT = iphoneos;
				SWIFT_ACTIVE_COMPILATION_CONDITIONS = DEBUG;
				SWIFT_EMIT_LOC_STRINGS = YES;
				SWIFT_OPTIMIZATION_LEVEL = "-Onone";
				SWIFT_VERSION = 6.0;
				TARGETED_DEVICE_FAMILY = 1;
			};
			name = Debug;
		};
		C86676D91934341D01C66976 /* Debug */ = {
			isa = XCBuildConfiguration;
			buildSettings = {
				CODE_SIGN_ENTITLEMENTS = Extensions/Widgets/StylezamWidgets.entitlements;
				GENERATE_INFOPLIST_FILE = NO;
				INFOPLIST_FILE = Extensions/Widgets/Info.plist;
				LD_RUNPATH_SEARCH_PATHS = (
					"$(inherited)",
					"@executable_path/Frameworks",
					"@executable_path/../../Frameworks",
				);
				PRODUCT_BUNDLE_IDENTIFIER = com.stylezam.app.widgets;
				PRODUCT_NAME = StylezamWidgets;
				SDKROOT = iphoneos;
				SKIP_INSTALL = YES;
				TARGETED_DEVICE_FAMILY = "1,2";
			};
			name = Debug;
		};
		E857412DA44D5B025B86CDCA /* Release */ = {
			isa = XCBuildConfiguration;
			baseConfigurationReference = 5A974E2CDFE3EF1C8C13377D /* App.xcconfig */;
			buildSettings = {
				ASSETCATALOG_COMPILER_APPICON_NAME = AppIcon;
				ASSETCATALOG_COMPILER_GLOBAL_ACCENT_COLOR_NAME = AccentColor;
				CODE_SIGN_ENTITLEMENTS = App/Stylezam.entitlements;
				CODE_SIGN_IDENTITY = "iPhone Developer";
				GENERATE_INFOPLIST_FILE = NO;
				INFOPLIST_FILE = App/Info.plist;
				LD_RUNPATH_SEARCH_PATHS = (
					"$(inherited)",
					"@executable_path/Frameworks",
				);
				OTHER_LDFLAGS = "$(inherited) -ObjC";
				PRODUCT_BUNDLE_IDENTIFIER = com.stylezam.app;
				PRODUCT_NAME = Stylezam;
				SDKROOT = iphoneos;
				TARGETED_DEVICE_FAMILY = "1,2";
			};
			name = Release;
		};
		EDBBAD4DD9434662213BD609 /* Debug */ = {
			isa = XCBuildConfiguration;
			buildSettings = {
				CODE_SIGN_ENTITLEMENTS = Extensions/Share/StylezamShare.entitlements;
				GENERATE_INFOPLIST_FILE = NO;
				INFOPLIST_FILE = Extensions/Share/Info.plist;
				LD_RUNPATH_SEARCH_PATHS = (
					"$(inherited)",
					"@executable_path/Frameworks",
					"@executable_path/../../Frameworks",
				);
				PRODUCT_BUNDLE_IDENTIFIER = com.stylezam.app.share;
				PRODUCT_NAME = StylezamShare;
				SDKROOT = iphoneos;
				SKIP_INSTALL = YES;
				TARGETED_DEVICE_FAMILY = "1,2";
			};
			name = Debug;
		};
/* End XCBuildConfiguration section */

/* Begin XCConfigurationList section */
		19862E64A935C41D82647BFA /* Build configuration list for PBXNativeTarget "StylezamControlUITests" */ = {
			isa = XCConfigurationList;
			buildConfigurations = (
				1EDA6D2CAC3E2B56FD746F01 /* Debug */,
				539829D53B52D69CEFB44089 /* Release */,
			);
			defaultConfigurationIsVisible = 0;
			defaultConfigurationName = Debug;
		};
		1BAEBA5AC0BECEEBE2A69F40 /* Build configuration list for PBXNativeTarget "Stylezam" */ = {
			isa = XCConfigurationList;
			buildConfigurations = (
				0449A07ABEA0173E3A43FF73 /* Debug */,
				E857412DA44D5B025B86CDCA /* Release */,
			);
			defaultConfigurationIsVisible = 0;
			defaultConfigurationName = Debug;
		};
		263AA2F032E8C05971BD7D0E /* Build configuration list for PBXProject "Stylezam" */ = {
			isa = XCConfigurationList;
			buildConfigurations = (
				96D7CB8E90B35D2874A33B94 /* Debug */,
				8366F1D4302FFD5D90DC37A0 /* Release */,
			);
			defaultConfigurationIsVisible = 0;
			defaultConfigurationName = Debug;
		};
		5256CAC6B7139DF9EBC52E37 /* Build configuration list for PBXNativeTarget "StylezamShare" */ = {
			isa = XCConfigurationList;
			buildConfigurations = (
				EDBBAD4DD9434662213BD609 /* Debug */,
				2F3125FC32DC8967B8E4B7CA /* Release */,
			);
			defaultConfigurationIsVisible = 0;
			defaultConfigurationName = Debug;
		};
		EEA485146610EA9369EAFCA9 /* Build configuration list for PBXNativeTarget "StylezamWidgets" */ = {
			isa = XCConfigurationList;
			buildConfigurations = (
				C86676D91934341D01C66976 /* Debug */,
				58AE8F13E13EA9958879987B /* Release */,
			);
			defaultConfigurationIsVisible = 0;
			defaultConfigurationName = Debug;
		};
/* End XCConfigurationList section */

/* Begin XCRemoteSwiftPackageReference section */
		AB995DF5AECEF79C3E533D60 /* XCRemoteSwiftPackageReference "firebase-ios-sdk" */ = {
			isa = XCRemoteSwiftPackageReference;
			repositoryURL = "https://github.com/firebase/firebase-ios-sdk.git";
			requirement = {
				kind = exactVersion;
				version = 12.17.0;
			};
		};
		DDD0C40572C916C5D9B1A68D /* XCRemoteSwiftPackageReference "GoogleSignIn-iOS" */ = {
			isa = XCRemoteSwiftPackageReference;
			repositoryURL = "https://github.com/google/GoogleSignIn-iOS.git";
			requirement = {
				kind = exactVersion;
				version = 9.2.0;
			};
		};
/* End XCRemoteSwiftPackageReference section */

/* Begin XCSwiftPackageProductDependency section */
		16CAA1D950DE5F43465B14C5 /* GoogleSignIn */ = {
			isa = XCSwiftPackageProductDependency;
			package = DDD0C40572C916C5D9B1A68D /* XCRemoteSwiftPackageReference "GoogleSignIn-iOS" */;
			productName = GoogleSignIn;
		};
		23EC7B3710F3524794102889 /* FirebaseAuth */ = {
			isa = XCSwiftPackageProductDependency;
			package = AB995DF5AECEF79C3E533D60 /* XCRemoteSwiftPackageReference "firebase-ios-sdk" */;
			productName = FirebaseAuth;
		};
		46DF6990FEB82C1A74BEC515 /* FirebaseCore */ = {
			isa = XCSwiftPackageProductDependency;
			package = AB995DF5AECEF79C3E533D60 /* XCRemoteSwiftPackageReference "firebase-ios-sdk" */;
			productName = FirebaseCore;
		};
		A54C5B6E9778693EEC5A9248 /* FirebaseAnalyticsCore */ = {
			isa = XCSwiftPackageProductDependency;
			package = AB995DF5AECEF79C3E533D60 /* XCRemoteSwiftPackageReference "firebase-ios-sdk" */;
			productName = FirebaseAnalyticsCore;
		};
/* End XCSwiftPackageProductDependency section */
	};
	rootObject = A9BF53E7EBCE99DF94BAEE88 /* Project object */;
}
